
Microsoft Visual Studio Solution File, Format Version 12.00
# Visual Studio Version 16
VisualStudioVersion = 16.0.31321.278
MinimumVisualStudioVersion = 10.0.40219.1
Project("{FAE04EC0-301F-11D3-BF4B-00C04F79EFBC}") = "StoreApp", "StoreApp\StoreApp.csproj", "{60BC4666-DF22-4A41-9220-0AEAA20C417F}"
EndProject
Project("{FAE04EC0-301F-11D3-BF4B-00C04F79EFBC}") = "StoreApp.Tests", "StoreApp.Tests\StoreApp.Tests.csproj", "{13D0BAAF-529D-49AF-979D-8B6B8B55AF6F}"
EndProject
Global
	GlobalSection(SolutionConfigurationPlatforms) = preSolution
		Debug|Any CPU = Debug|Any CPU
		Release|Any CPU = Release|Any CPU
	EndGlobalSection
	GlobalSection(ProjectConfigurationPlatforms) = postSolution
		{60BC4666-DF22-4A41-9220-0AEAA20C417F}.Debug|Any CPU.ActiveCfg = Debug|Any CPU
		{60BC4666-DF22-4A41-9220-0AEAA20C417F}.Debug|Any CPU.Build.0 = Debug|Any CPU
		{60BC4666-DF22-4A41-9220-0AEAA20C417F}.Release|Any CPU.ActiveCfg = Release|Any CPU
		{60BC4666-DF22-4A41-9220-0AEAA20C417F}.Release|Any CPU.Build.0 = Release|Any CPU
		{13D0BAAF-529D-49AF-979D-8B6B8B55AF6F}.Debug|Any CPU.ActiveCfg = Debug|Any CPU
		{13D0BAAF-529D-49AF-979D-8B6B8B55AF6F}.Debug|Any CPU.Build.0 = Debug|Any CPU
		{13D0BAAF-529D-49AF-979D-8B6B8B55AF6F}.Release|Any CPU.ActiveCfg = Release|Any CPU
		{13D0BAAF-529D-49AF-979D-8B6B8B55AF6F}.Release|Any CPU.Build.0 = Release|Any CPU
	EndGlobalSection
	GlobalSection(SolutionProperties) = preSolution
		HideSolutionNode = FALSE
	EndGlobalSection
	GlobalSection(ExtensibilityGlobals) = postSolution
		SolutionGuid = {7E6093A6-65B8-4658-92C1-01E6108E945E}
	EndGlobalSection
EndGlobal
